github.com/Jeffail/gabs v1.0.0 h1:yGg0yih4Q4ZSbiixE3C7a2wCXbc8scritLhs19duATw=
github.com/Jeffail/gabs v1.0.0/go.mod h1:6xMvQMK4k33lb7GUUpaAPh6nKMmemQeg5d4gn7/bOXc=
github.com/arrim/http-api-mock v1.0.1 h1:F6tgIbCryLRBRnT9VyH0VtQWZFmkVQD9BuENNF4XBjE=
github.com/arrim/http-api-mock v1.0.1/go.mod h1:eEc8+t5TJE7Y43kJT9wQInQdyyMkRRu5S0+Wh4VprHk=
github.com/azer/url-router v0.0.0-20140924232216-1a0aa252538c h1:vpYPra7G75NhuxN28VqQhTepM8a6c201AsJWdRaINqY=
github.com/azer/url-router v0.0.0-20140924232216-1a0aa252538c/go.mod h1:YT0FE3RD8ecPJBNkCdpeEAdZXPZgD2CqcRtpwuzjt9M=
github.com/elazarl/go-bindata-assetfs v0.0.0-20160822204401-9a6736ed45b4 h1:Jg5/sOI1MJzw6u2J1qA3Nu6JvdHE1ulquzMn/sscg2Y=
github.com/elazarl/go-bindata-assetfs v0.0.0-20160822204401-9a6736ed45b4/go.mod h1:v+YaWX3bdea5J/mo8dSETolEo7R71Vk1u8bnjau5yw4=
github.com/fsnotify/fsnotify v1.4.2 h1:v5tKwtf2hNhBV24eNYfQ5UmvFOGlOCmRqk7/P1olxtk=
github.com/fsnotify/fsnotify v1.4.2/go.mod h1:jwhsz4b93w/PPRr/qN1Yymfu8t87LnFCMoQvtojpjFo=
github.com/ghodss/yaml v0.0.0-20161207003320-04f313413ffd h1:U3yHrYB7NWH2o3UFzJ1J+TknZqM9QQtF8KVIE6Qzrfs=
github.com/ghodss/yaml v0.0.0-20161207003320-04f313413ffd/go.mod h1:4dBDuWmgqj2HViK6kFavaiC9ZROes6MMH2rRYeMEF04=
github.com/icrowley/fake v0.0.0-20141223214152-84bff6d01560 h1:0X/UjUMFR1hfY9vQ49csz22ZtooF9z1g9uV2K5VFIXE=
github.com/icrowley/fake v0.0.0-20141223214152-84bff6d01560/go.mod h1:uhpZMVGznybq1itEKXj6RYw9I71qK4kH+OGMjRC4KEo=
github.com/ryanuber/go-glob v0.0.0-20160226084822-572520ed46db h1:ge9atzKq16843f793fDVxKUhmTb4H5muzjJQ6PgsnHg=
github.com/ryanuber/go-glob v0.0.0-20160226084822-572520ed46db/go.mod h1:807d1WSdnB0XRJzKNil9Om6lcp/3a0v4qIHxIXzX/Yc=
github.com/streadway/amqp v0.0.0-20161224082040-63795daa9a44 h1:jeJ4FSa+EDPMDAoPHB1nCk3OWYZ+z+Ovayb82CDzDvU=
github.com/streadway/amqp v0.0.0-20161224082040-63795daa9a44/go.mod h1:1WNBiOZtZQLpVAyu0iTduoJL9hEsMloAK5XWrtW0xdY=
github.com/tidwall/gjson v0.0.0-20161216162241-e3f249f4fdf3 h1:aBI3IEeaAhYgOS5IbWl3LWvfQiZCyVop1QovElrtYu8=
github.com/tidwall/gjson v0.0.0-20161216162241-e3f249f4fdf3/go.mod h1:c/nTNbUr0E0OrXEhq1pwa8iEgc2DOt4ZZqAt1HtCkPA=
github.com/tidwall/match v0.0.0-20160830173930-173748da739a h1:jkSy//MOkpJzPmsdrxnM+wiF/wdmVCFGegxccsSkm2Q=
github.com/tidwall/match v0.0.0-20160830173930-173748da739a/go.mod h1:LujAq0jyVjBy028G1WhWfIzbpQfMO8bBZ6Tyb0+pL9E=
github.com/tidwall/sjson v1.0.0 h1:hOrzQPtGKlKAudQVmU43GkxEgG8TOgKyiKUyb7sE0rs=
github.com/tidwall/sjson v1.0.0/go.mod h1:bURseu1nuBkFpIES5cz6zBtjmYeOQmEESshn7VpF15Y=
github.com/twinj/uuid v0.0.0-20151029044442-89173bcdda19 h1:HlxV0XiEKMMyjS3gGtJmmFZsxQ22GsLvA7F980il+1w=
github.com/twinj/uuid v0.0.0-20151029044442-89173bcdda19/go.mod h1:mMgcE1RHFUFqe5AfiwlINXisXfDGro23fWdPUfOMjRY=
golang.org/x/net v0.0.0-20161215194249-45e771701b81 h1:fw6vKYqWlQqaVrIv7KcFK8YHLSj7xKY86A9h28yw1ws=
golang.org/x/net v0.0.0-20161215194249-45e771701b81/go.mod h1:mL1N/T3taQHkDXs73rZJwtUhF3w3ftmwwsq0BUmARs4=
golang.org/x/sys v0.0.0-20161214190518-d75a52659825 h1:4d9VvrP9mESHxCpAwE1G5e1D8Ybj9v7pX19HkGQV0lk=
golang.org/x/sys v0.0.0-20161214190518-d75a52659825/go.mod h1:STP8DvDyc/dI5b8T5hshtkjS+E42TnysNCUPdjciGhY=
gopkg.in/mgo.v2 v2.0.0-20160818020120-3f83fa500528 h1:/saqWwm73dLmuzbNhe92F0QsZ/KiFND+esHco2v1hiY=
gopkg.in/mgo.v2 v2.0.0-20160818020120-3f83fa500528/go.mod h1:yeKp02qBN3iKW1OzL3MGk2IdtZzaj7SFntXj72NppTA=
gopkg.in/yaml.v2 v2.0.0-20160928153709-a5b47d31c556 h1:hKXbLW5oaJoQgs8KrzTLdF4PoHi+0oQPgea9TNtvE3E=
gopkg.in/yaml.v2 v2.0.0-20160928153709-a5b47d31c556/go.mod h1:JAlM8MvJe8wmxCU4Bli9HhUf9+ttbYbLASfIpnQbh74=
